
Microsoft Visual Studio Solution File, Format Version 12.00
# Visual Studio Version 17
VisualStudioVersion = 17.2.32519.379
MinimumVisualStudioVersion = 10.0.40219.1
Project("{9A19103F-16F7-4668-BE54-9A1E7A4F7556}") = "UploadData", "UploadData\UploadData.csproj", "{B4CDC937-5797-43C7-9BB0-25BD628C3CA3}"
EndProject
Project("{9A19103F-16F7-4668-BE54-9A1E7A4F7556}") = "PlateReaderFunction", "PlateReaderFunction\PlateReaderFunction.csproj", "{4AFCF4F0-7AA5-4BB4-9B79-5035125F1A46}"
EndProject
Project("{9A19103F-16F7-4668-BE54-9A1E7A4F7556}") = "DMVService", "DMVService\DMVService.csproj", "{1F59793B-9924-42A2-8477-362A903A65F2}"
EndProject
Project("{9A19103F-16F7-4668-BE54-9A1E7A4F7556}") = "ConsoleApp", "ConsoleApp\ConsoleApp.csproj", "{1A0E6695-EF3B-49C0-A999-3ACB5E8BC134}"
EndProject
Project("{9A19103F-16F7-4668-BE54-9A1E7A4F7556}") = "TicketProcessingFunction", "TicketProcessingFunction\TicketProcessingFunction.csproj", "{7BF26985-3643-43A8-BF2D-A0B4C3061584}"
EndProject
Global
	GlobalSection(SolutionConfigurationPlatforms) = preSolution
		Debug|Any CPU = Debug|Any CPU
		Release|Any CPU = Release|Any CPU
	EndGlobalSection
	GlobalSection(ProjectConfigurationPlatforms) = postSolution
		{B4CDC937-5797-43C7-9BB0-25BD628C3CA3}.Debug|Any CPU.ActiveCfg = Debug|Any CPU
		{B4CDC937-5797-43C7-9BB0-25BD628C3CA3}.Debug|Any CPU.Build.0 = Debug|Any CPU
		{B4CDC937-5797-43C7-9BB0-25BD628C3CA3}.Release|Any CPU.ActiveCfg = Release|Any CPU
		{B4CDC937-5797-43C7-9BB0-25BD628C3CA3}.Release|Any CPU.Build.0 = Release|Any CPU
		{4AFCF4F0-7AA5-4BB4-9B79-5035125F1A46}.Debug|Any CPU.ActiveCfg = Debug|Any CPU
		{4AFCF4F0-7AA5-4BB4-9B79-5035125F1A46}.Debug|Any CPU.Build.0 = Debug|Any CPU
		{4AFCF4F0-7AA5-4BB4-9B79-5035125F1A46}.Release|Any CPU.ActiveCfg = Release|Any CPU
		{4AFCF4F0-7AA5-4BB4-9B79-5035125F1A46}.Release|Any CPU.Build.0 = Release|Any CPU
		{1F59793B-9924-42A2-8477-362A903A65F2}.Debug|Any CPU.ActiveCfg = Debug|Any CPU
		{1F59793B-9924-42A2-8477-362A903A65F2}.Debug|Any CPU.Build.0 = Debug|Any CPU
		{1F59793B-9924-42A2-8477-362A903A65F2}.Release|Any CPU.ActiveCfg = Release|Any CPU
		{1F59793B-9924-42A2-8477-362A903A65F2}.Release|Any CPU.Build.0 = Release|Any CPU
		{1A0E6695-EF3B-49C0-A999-3ACB5E8BC134}.Debug|Any CPU.ActiveCfg = Debug|Any CPU
		{1A0E6695-EF3B-49C0-A999-3ACB5E8BC134}.Debug|Any CPU.Build.0 = Debug|Any CPU
		{1A0E6695-EF3B-49C0-A999-3ACB5E8BC134}.Release|Any CPU.ActiveCfg = Release|Any CPU
		{1A0E6695-EF3B-49C0-A999-3ACB5E8BC134}.Release|Any CPU.Build.0 = Release|Any CPU
		{7BF26985-3643-43A8-BF2D-A0B4C3061584}.Debug|Any CPU.ActiveCfg = Debug|Any CPU
		{7BF26985-3643-43A8-BF2D-A0B4C3061584}.Debug|Any CPU.Build.0 = Debug|Any CPU
		{7BF26985-3643-43A8-BF2D-A0B4C3061584}.Release|Any CPU.ActiveCfg = Release|Any CPU
		{7BF26985-3643-43A8-BF2D-A0B4C3061584}.Release|Any CPU.Build.0 = Release|Any CPU
	EndGlobalSection
	GlobalSection(SolutionProperties) = preSolution
		HideSolutionNode = FALSE
	EndGlobalSection
	GlobalSection(ExtensibilityGlobals) = postSolution
		SolutionGuid = {83E90881-1FA2-4EC7-BA30-C196145E33E8}
	EndGlobalSection
EndGlobal
